
Microsoft Visual Studio Solution File, Format Version 12.00
# Visual Studio Version 17
VisualStudioVersion = 17.0.31903.59
MinimumVisualStudioVersion = 10.0.40219.1
Project("{9A19103F-16F7-4668-BE54-9A1E7A4F7556}") = "HalApplicationBuilder", "HalApplicationBuilder\HalApplicationBuilder.csproj", "{F29A08C6-7DEF-4E75-980F-5BE6694E96A5}"
EndProject
Project("{9A19103F-16F7-4668-BE54-9A1E7A4F7556}") = "HalApplicationBuilder.IntegrationTest", "HalApplicationBuilder.IntegrationTest\HalApplicationBuilder.IntegrationTest.csproj", "{1228B0B4-7257-441B-A556-D7CF0684C87A}"
EndProject
Project("{9A19103F-16F7-4668-BE54-9A1E7A4F7556}") = "自動テストで作成されたプロジェクト", "自動テストで作成されたプロジェクト\自動テストで作成されたプロジェクト.csproj", "{C2F97E0A-E1D1-405E-B5FA-91B5106E7C53}"
EndProject
Global
	GlobalSection(SolutionConfigurationPlatforms) = preSolution
		Debug|Any CPU = Debug|Any CPU
		Release|Any CPU = Release|Any CPU
	EndGlobalSection
	GlobalSection(ProjectConfigurationPlatforms) = postSolution
		{F29A08C6-7DEF-4E75-980F-5BE6694E96A5}.Debug|Any CPU.ActiveCfg = Debug|Any CPU
		{F29A08C6-7DEF-4E75-980F-5BE6694E96A5}.Debug|Any CPU.Build.0 = Debug|Any CPU
		{F29A08C6-7DEF-4E75-980F-5BE6694E96A5}.Release|Any CPU.ActiveCfg = Release|Any CPU
		{F29A08C6-7DEF-4E75-980F-5BE6694E96A5}.Release|Any CPU.Build.0 = Release|Any CPU
		{1228B0B4-7257-441B-A556-D7CF0684C87A}.Debug|Any CPU.ActiveCfg = Debug|Any CPU
		{1228B0B4-7257-441B-A556-D7CF0684C87A}.Debug|Any CPU.Build.0 = Debug|Any CPU
		{1228B0B4-7257-441B-A556-D7CF0684C87A}.Release|Any CPU.ActiveCfg = Release|Any CPU
		{1228B0B4-7257-441B-A556-D7CF0684C87A}.Release|Any CPU.Build.0 = Release|Any CPU
		{C2F97E0A-E1D1-405E-B5FA-91B5106E7C53}.Debug|Any CPU.ActiveCfg = Debug|Any CPU
		{C2F97E0A-E1D1-405E-B5FA-91B5106E7C53}.Debug|Any CPU.Build.0 = Debug|Any CPU
		{C2F97E0A-E1D1-405E-B5FA-91B5106E7C53}.Release|Any CPU.ActiveCfg = Release|Any CPU
		{C2F97E0A-E1D1-405E-B5FA-91B5106E7C53}.Release|Any CPU.Build.0 = Release|Any CPU
	EndGlobalSection
	GlobalSection(SolutionProperties) = preSolution
		HideSolutionNode = FALSE
	EndGlobalSection
	GlobalSection(ExtensibilityGlobals) = postSolution
		SolutionGuid = {C97BEF06-EBCE-4C21-B1CE-D45547BEF3EC}
	EndGlobalSection
EndGlobal
