
Microsoft Visual Studio Solution File, Format Version 12.00
# Visual Studio Version 17
VisualStudioVersion = 17.0.31903.59
MinimumVisualStudioVersion = 10.0.40219.1
Project("{FAE04EC0-301F-11D3-BF4B-00C04F79EFBC}") = "HalApplicationBuilder", "HalApplicationBuilder\HalApplicationBuilder.csproj", "{F29A08C6-7DEF-4E75-980F-5BE6694E96A5}"
EndProject
Project("{FAE04EC0-301F-11D3-BF4B-00C04F79EFBC}") = "HalApplicationBuilder.Test", "HalApplicationBuilder.Test\HalApplicationBuilder.Test.csproj", "{17E0E561-5AA4-43CC-A011-C86ACF42585C}"
EndProject
Project("{FAE04EC0-301F-11D3-BF4B-00C04F79EFBC}") = "HalApplicationBuilder.Test.DistMvc", "HalApplicationBuilder.Test.DistMvc\HalApplicationBuilder.Test.DistMvc.csproj", "{EFA824EB-5B8A-4A0C-AE33-C176ACA643BE}"
EndProject
Global
	GlobalSection(SolutionConfigurationPlatforms) = preSolution
		Debug|Any CPU = Debug|Any CPU
		Release|Any CPU = Release|Any CPU
	EndGlobalSection
	GlobalSection(SolutionProperties) = preSolution
		HideSolutionNode = FALSE
	EndGlobalSection
	GlobalSection(ProjectConfigurationPlatforms) = postSolution
		{F29A08C6-7DEF-4E75-980F-5BE6694E96A5}.Debug|Any CPU.ActiveCfg = Debug|Any CPU
		{F29A08C6-7DEF-4E75-980F-5BE6694E96A5}.Debug|Any CPU.Build.0 = Debug|Any CPU
		{F29A08C6-7DEF-4E75-980F-5BE6694E96A5}.Release|Any CPU.ActiveCfg = Release|Any CPU
		{F29A08C6-7DEF-4E75-980F-5BE6694E96A5}.Release|Any CPU.Build.0 = Release|Any CPU
		{17E0E561-5AA4-43CC-A011-C86ACF42585C}.Debug|Any CPU.ActiveCfg = Debug|Any CPU
		{17E0E561-5AA4-43CC-A011-C86ACF42585C}.Debug|Any CPU.Build.0 = Debug|Any CPU
		{17E0E561-5AA4-43CC-A011-C86ACF42585C}.Release|Any CPU.ActiveCfg = Release|Any CPU
		{17E0E561-5AA4-43CC-A011-C86ACF42585C}.Release|Any CPU.Build.0 = Release|Any CPU
		{EFA824EB-5B8A-4A0C-AE33-C176ACA643BE}.Debug|Any CPU.ActiveCfg = Debug|Any CPU
		{EFA824EB-5B8A-4A0C-AE33-C176ACA643BE}.Debug|Any CPU.Build.0 = Debug|Any CPU
		{EFA824EB-5B8A-4A0C-AE33-C176ACA643BE}.Release|Any CPU.ActiveCfg = Release|Any CPU
		{EFA824EB-5B8A-4A0C-AE33-C176ACA643BE}.Release|Any CPU.Build.0 = Release|Any CPU
	EndGlobalSection
EndGlobal
