
Microsoft Visual Studio Solution File, Format Version 12.00
# Visual Studio Version 17
VisualStudioVersion = 17.0.31903.59
MinimumVisualStudioVersion = 10.0.40219.1
Project("{9A19103F-16F7-4668-BE54-9A1E7A4F7556}") = "Nijo", "Nijo\Nijo.csproj", "{11C9DBC1-98DE-41E0-86EC-BB773FADAB71}"
EndProject
Project("{9A19103F-16F7-4668-BE54-9A1E7A4F7556}") = "Nijo.IntegrationTest", "Nijo.IntegrationTest\Nijo.IntegrationTest.csproj", "{B5566556-5C4C-4891-B3F9-69AB0D1F3F53}"
EndProject
Project("{2150E333-8FDC-42A3-9474-1A3956D46DE8}") = "デモ200_複雑なパターン", "デモ200_複雑なパターン", "{A191B61B-18D9-462C-9B01-3611CDEA140A}"
EndProject
Project("{FAE04EC0-301F-11D3-BF4B-00C04F79EFBC}") = "Demo200", "demo\200_複雑なパターン\Core\Demo200.csproj", "{E5A4D3DA-BDFE-03C1-A0F1-8F17B88E6A45}"
EndProject
Project("{FAE04EC0-301F-11D3-BF4B-00C04F79EFBC}") = "Demo200.AutoGenerated", "demo\200_複雑なパターン\Core.AutoGenerated\Demo200.AutoGenerated.csproj", "{2ACA47B4-C2BC-569A-95F7-F33EDAA1BFB0}"
EndProject
Project("{FAE04EC0-301F-11D3-BF4B-00C04F79EFBC}") = "Demo200.UnitTest", "demo\200_複雑なパターン\UnitTest\Demo200.UnitTest.csproj", "{6CB14357-B172-9012-884A-58AA8638D6CE}"
EndProject
Project("{FAE04EC0-301F-11D3-BF4B-00C04F79EFBC}") = "Demo200.WebApi", "demo\200_複雑なパターン\WebApi\Demo200.WebApi.csproj", "{62243AC6-ECAC-1510-D0D9-2A8B1AEB2EE6}"
EndProject
Project("{2150E333-8FDC-42A3-9474-1A3956D46DE8}") = "Nijo.NewProjectTemplate", "Nijo.NewProjectTemplate", "{39F00D8D-00C4-4693-B597-69B9A434DEAC}"
EndProject
Project("{FAE04EC0-301F-11D3-BF4B-00C04F79EFBC}") = "MyApp", "Nijo.NewProjectTemplate\Core\MyApp.csproj", "{500E203D-9B57-543E-6E3F-C083CB44551F}"
EndProject
Project("{FAE04EC0-301F-11D3-BF4B-00C04F79EFBC}") = "MyApp.AutoGenerated", "Nijo.NewProjectTemplate\Core.AutoGenerated\MyApp.AutoGenerated.csproj", "{8F26E26D-DD38-8DC6-2F16-360C25410A52}"
EndProject
Project("{FAE04EC0-301F-11D3-BF4B-00C04F79EFBC}") = "MyApp.UnitTest", "Nijo.NewProjectTemplate\UnitTest\MyApp.UnitTest.csproj", "{C178048A-A456-07B6-8AFC-A8D753BDA8BD}"
EndProject
Project("{FAE04EC0-301F-11D3-BF4B-00C04F79EFBC}") = "MyApp.WebApi", "Nijo.NewProjectTemplate\WebApi\MyApp.WebApi.csproj", "{671E4763-11CD-36DB-C262-D1BB05BDDCEF}"
EndProject
Project("{2150E333-8FDC-42A3-9474-1A3956D46DE8}") = "デモ000_基本的なDataModelの例", "デモ000_基本的なDataModelの例", "{0FA5F1AB-FFDB-4781-9E1E-783BF04F8968}"
EndProject
Project("{FAE04EC0-301F-11D3-BF4B-00C04F79EFBC}") = "Demo000", "demo\000_基本的なDataModelの例\Core\Demo000.csproj", "{63018B4C-8395-2B6C-FF10-D3635E25808E}"
EndProject
Project("{FAE04EC0-301F-11D3-BF4B-00C04F79EFBC}") = "Demo000.UnitTest", "demo\000_基本的なDataModelの例\UnitTest\Demo000.UnitTest.csproj", "{2F2AAD39-3445-3401-685D-9794116B158C}"
EndProject
Project("{FAE04EC0-301F-11D3-BF4B-00C04F79EFBC}") = "Demo000.WebApi", "demo\000_基本的なDataModelの例\WebApi\Demo000.WebApi.csproj", "{B5DC1E92-3F0E-B708-A034-63067554DE48}"
EndProject
Project("{FAE04EC0-301F-11D3-BF4B-00C04F79EFBC}") = "Demo000.AutoGenerated", "demo\000_基本的なDataModelの例\Core.AutoGenerated\Demo000.AutoGenerated.csproj", "{60B11AD9-0590-6C94-8972-96568755EA7F}"
EndProject
Project("{2150E333-8FDC-42A3-9474-1A3956D46DE8}") = "デモ101_販売管理システム", "デモ101_販売管理システム", "{D3314BFE-3DE5-8322-40A8-848B0392E287}"
EndProject
Project("{FAE04EC0-301F-11D3-BF4B-00C04F79EFBC}") = "Demo101", "demo\101_販売管理システム\Core\Demo101.csproj", "{9A3972D7-E921-4043-B7DC-7D7082090121}"
EndProject
Project("{FAE04EC0-301F-11D3-BF4B-00C04F79EFBC}") = "Demo101.AutoGenerated", "demo\101_販売管理システム\Core.AutoGenerated\Demo101.AutoGenerated.csproj", "{A189BC6C-1F59-45BA-8F19-EEDF7214B358}"
EndProject
Project("{FAE04EC0-301F-11D3-BF4B-00C04F79EFBC}") = "Demo101.UnitTest", "demo\101_販売管理システム\UnitTest\Demo101.UnitTest.csproj", "{9AE32858-95DC-4170-A2F0-6C751B5ADC9F}"
EndProject
Project("{FAE04EC0-301F-11D3-BF4B-00C04F79EFBC}") = "Demo101.WebApi", "demo\101_販売管理システム\WebApi\Demo101.WebApi.csproj", "{4833A5CB-2DE6-49BA-8095-6C8159E7F6F3}"
EndProject
Project("{FAE04EC0-301F-11D3-BF4B-00C04F79EFBC}") = "MyApp.Management", "Nijo.NewProjectTemplate\Management\MyApp.Management.csproj", "{6F13A513-38CF-4A4A-8DFE-4F870B94F927}"
EndProject
Project("{FAE04EC0-301F-11D3-BF4B-00C04F79EFBC}") = "Demo000.Management", "demo\000_基本的なDataModelの例\Management\Demo000.Management.csproj", "{8F151A83-C4E7-DA8E-F0C5-A2CB6028A5CA}"
EndProject
Project("{FAE04EC0-301F-11D3-BF4B-00C04F79EFBC}") = "Demo101.Management", "demo\101_販売管理システム\Management\Demo101.Management.csproj", "{135C0E91-206F-19DC-D6CC-9523FA6F6E2D}"
EndProject
Project("{FAE04EC0-301F-11D3-BF4B-00C04F79EFBC}") = "Demo200.Management", "demo\200_複雑なパターン\Management\Demo200.Management.csproj", "{7DB14CD8-96BC-73F6-A867-3B59FB25F4B1}"
EndProject
Project("{FAE04EC0-301F-11D3-BF4B-00C04F79EFBC}") = "Demo101.DevTool", "demo\101_販売管理システム\DevTool.Server\DevTool.Server.csproj", "{E17F42BE-965C-4AE9-BA32-36B56F358CA5}"
EndProject
Global
	GlobalSection(SolutionConfigurationPlatforms) = preSolution
		Debug|Any CPU = Debug|Any CPU
		Debug|x64 = Debug|x64
		Debug|x86 = Debug|x86
		Release|Any CPU = Release|Any CPU
		Release|x64 = Release|x64
		Release|x86 = Release|x86
	EndGlobalSection
	GlobalSection(ProjectConfigurationPlatforms) = postSolution
		{11C9DBC1-98DE-41E0-86EC-BB773FADAB71}.Debug|Any CPU.ActiveCfg = Debug|Any CPU
		{11C9DBC1-98DE-41E0-86EC-BB773FADAB71}.Debug|Any CPU.Build.0 = Debug|Any CPU
		{11C9DBC1-98DE-41E0-86EC-BB773FADAB71}.Debug|x64.ActiveCfg = Debug|Any CPU
		{11C9DBC1-98DE-41E0-86EC-BB773FADAB71}.Debug|x64.Build.0 = Debug|Any CPU
		{11C9DBC1-98DE-41E0-86EC-BB773FADAB71}.Debug|x86.ActiveCfg = Debug|Any CPU
		{11C9DBC1-98DE-41E0-86EC-BB773FADAB71}.Debug|x86.Build.0 = Debug|Any CPU
		{11C9DBC1-98DE-41E0-86EC-BB773FADAB71}.Release|Any CPU.ActiveCfg = Release|Any CPU
		{11C9DBC1-98DE-41E0-86EC-BB773FADAB71}.Release|Any CPU.Build.0 = Release|Any CPU
		{11C9DBC1-98DE-41E0-86EC-BB773FADAB71}.Release|x64.ActiveCfg = Release|Any CPU
		{11C9DBC1-98DE-41E0-86EC-BB773FADAB71}.Release|x64.Build.0 = Release|Any CPU
		{11C9DBC1-98DE-41E0-86EC-BB773FADAB71}.Release|x86.ActiveCfg = Release|Any CPU
		{11C9DBC1-98DE-41E0-86EC-BB773FADAB71}.Release|x86.Build.0 = Release|Any CPU
		{B5566556-5C4C-4891-B3F9-69AB0D1F3F53}.Debug|Any CPU.ActiveCfg = Debug|Any CPU
		{B5566556-5C4C-4891-B3F9-69AB0D1F3F53}.Debug|Any CPU.Build.0 = Debug|Any CPU
		{B5566556-5C4C-4891-B3F9-69AB0D1F3F53}.Debug|x64.ActiveCfg = Debug|Any CPU
		{B5566556-5C4C-4891-B3F9-69AB0D1F3F53}.Debug|x64.Build.0 = Debug|Any CPU
		{B5566556-5C4C-4891-B3F9-69AB0D1F3F53}.Debug|x86.ActiveCfg = Debug|Any CPU
		{B5566556-5C4C-4891-B3F9-69AB0D1F3F53}.Debug|x86.Build.0 = Debug|Any CPU
		{B5566556-5C4C-4891-B3F9-69AB0D1F3F53}.Release|Any CPU.ActiveCfg = Release|Any CPU
		{B5566556-5C4C-4891-B3F9-69AB0D1F3F53}.Release|Any CPU.Build.0 = Release|Any CPU
		{B5566556-5C4C-4891-B3F9-69AB0D1F3F53}.Release|x64.ActiveCfg = Release|Any CPU
		{B5566556-5C4C-4891-B3F9-69AB0D1F3F53}.Release|x64.Build.0 = Release|Any CPU
		{B5566556-5C4C-4891-B3F9-69AB0D1F3F53}.Release|x86.ActiveCfg = Release|Any CPU
		{B5566556-5C4C-4891-B3F9-69AB0D1F3F53}.Release|x86.Build.0 = Release|Any CPU
		{E5A4D3DA-BDFE-03C1-A0F1-8F17B88E6A45}.Debug|Any CPU.ActiveCfg = Debug|Any CPU
		{E5A4D3DA-BDFE-03C1-A0F1-8F17B88E6A45}.Debug|Any CPU.Build.0 = Debug|Any CPU
		{E5A4D3DA-BDFE-03C1-A0F1-8F17B88E6A45}.Debug|x64.ActiveCfg = Debug|Any CPU
		{E5A4D3DA-BDFE-03C1-A0F1-8F17B88E6A45}.Debug|x64.Build.0 = Debug|Any CPU
		{E5A4D3DA-BDFE-03C1-A0F1-8F17B88E6A45}.Debug|x86.ActiveCfg = Debug|Any CPU
		{E5A4D3DA-BDFE-03C1-A0F1-8F17B88E6A45}.Debug|x86.Build.0 = Debug|Any CPU
		{E5A4D3DA-BDFE-03C1-A0F1-8F17B88E6A45}.Release|Any CPU.ActiveCfg = Release|Any CPU
		{E5A4D3DA-BDFE-03C1-A0F1-8F17B88E6A45}.Release|Any CPU.Build.0 = Release|Any CPU
		{E5A4D3DA-BDFE-03C1-A0F1-8F17B88E6A45}.Release|x64.ActiveCfg = Release|Any CPU
		{E5A4D3DA-BDFE-03C1-A0F1-8F17B88E6A45}.Release|x64.Build.0 = Release|Any CPU
		{E5A4D3DA-BDFE-03C1-A0F1-8F17B88E6A45}.Release|x86.ActiveCfg = Release|Any CPU
		{E5A4D3DA-BDFE-03C1-A0F1-8F17B88E6A45}.Release|x86.Build.0 = Release|Any CPU
		{2ACA47B4-C2BC-569A-95F7-F33EDAA1BFB0}.Debug|Any CPU.ActiveCfg = Debug|Any CPU
		{2ACA47B4-C2BC-569A-95F7-F33EDAA1BFB0}.Debug|Any CPU.Build.0 = Debug|Any CPU
		{2ACA47B4-C2BC-569A-95F7-F33EDAA1BFB0}.Debug|x64.ActiveCfg = Debug|Any CPU
		{2ACA47B4-C2BC-569A-95F7-F33EDAA1BFB0}.Debug|x64.Build.0 = Debug|Any CPU
		{2ACA47B4-C2BC-569A-95F7-F33EDAA1BFB0}.Debug|x86.ActiveCfg = Debug|Any CPU
		{2ACA47B4-C2BC-569A-95F7-F33EDAA1BFB0}.Debug|x86.Build.0 = Debug|Any CPU
		{2ACA47B4-C2BC-569A-95F7-F33EDAA1BFB0}.Release|Any CPU.ActiveCfg = Release|Any CPU
		{2ACA47B4-C2BC-569A-95F7-F33EDAA1BFB0}.Release|Any CPU.Build.0 = Release|Any CPU
		{2ACA47B4-C2BC-569A-95F7-F33EDAA1BFB0}.Release|x64.ActiveCfg = Release|Any CPU
		{2ACA47B4-C2BC-569A-95F7-F33EDAA1BFB0}.Release|x64.Build.0 = Release|Any CPU
		{2ACA47B4-C2BC-569A-95F7-F33EDAA1BFB0}.Release|x86.ActiveCfg = Release|Any CPU
		{2ACA47B4-C2BC-569A-95F7-F33EDAA1BFB0}.Release|x86.Build.0 = Release|Any CPU
		{6CB14357-B172-9012-884A-58AA8638D6CE}.Debug|Any CPU.ActiveCfg = Debug|Any CPU
		{6CB14357-B172-9012-884A-58AA8638D6CE}.Debug|Any CPU.Build.0 = Debug|Any CPU
		{6CB14357-B172-9012-884A-58AA8638D6CE}.Debug|x64.ActiveCfg = Debug|Any CPU
		{6CB14357-B172-9012-884A-58AA8638D6CE}.Debug|x64.Build.0 = Debug|Any CPU
		{6CB14357-B172-9012-884A-58AA8638D6CE}.Debug|x86.ActiveCfg = Debug|Any CPU
		{6CB14357-B172-9012-884A-58AA8638D6CE}.Debug|x86.Build.0 = Debug|Any CPU
		{6CB14357-B172-9012-884A-58AA8638D6CE}.Release|Any CPU.ActiveCfg = Release|Any CPU
		{6CB14357-B172-9012-884A-58AA8638D6CE}.Release|Any CPU.Build.0 = Release|Any CPU
		{6CB14357-B172-9012-884A-58AA8638D6CE}.Release|x64.ActiveCfg = Release|Any CPU
		{6CB14357-B172-9012-884A-58AA8638D6CE}.Release|x64.Build.0 = Release|Any CPU
		{6CB14357-B172-9012-884A-58AA8638D6CE}.Release|x86.ActiveCfg = Release|Any CPU
		{6CB14357-B172-9012-884A-58AA8638D6CE}.Release|x86.Build.0 = Release|Any CPU
		{62243AC6-ECAC-1510-D0D9-2A8B1AEB2EE6}.Debug|Any CPU.ActiveCfg = Debug|Any CPU
		{62243AC6-ECAC-1510-D0D9-2A8B1AEB2EE6}.Debug|Any CPU.Build.0 = Debug|Any CPU
		{62243AC6-ECAC-1510-D0D9-2A8B1AEB2EE6}.Debug|x64.ActiveCfg = Debug|Any CPU
		{62243AC6-ECAC-1510-D0D9-2A8B1AEB2EE6}.Debug|x64.Build.0 = Debug|Any CPU
		{62243AC6-ECAC-1510-D0D9-2A8B1AEB2EE6}.Debug|x86.ActiveCfg = Debug|Any CPU
		{62243AC6-ECAC-1510-D0D9-2A8B1AEB2EE6}.Debug|x86.Build.0 = Debug|Any CPU
		{62243AC6-ECAC-1510-D0D9-2A8B1AEB2EE6}.Release|Any CPU.ActiveCfg = Release|Any CPU
		{62243AC6-ECAC-1510-D0D9-2A8B1AEB2EE6}.Release|Any CPU.Build.0 = Release|Any CPU
		{62243AC6-ECAC-1510-D0D9-2A8B1AEB2EE6}.Release|x64.ActiveCfg = Release|Any CPU
		{62243AC6-ECAC-1510-D0D9-2A8B1AEB2EE6}.Release|x64.Build.0 = Release|Any CPU
		{62243AC6-ECAC-1510-D0D9-2A8B1AEB2EE6}.Release|x86.ActiveCfg = Release|Any CPU
		{62243AC6-ECAC-1510-D0D9-2A8B1AEB2EE6}.Release|x86.Build.0 = Release|Any CPU
		{500E203D-9B57-543E-6E3F-C083CB44551F}.Debug|Any CPU.ActiveCfg = Debug|Any CPU
		{500E203D-9B57-543E-6E3F-C083CB44551F}.Debug|Any CPU.Build.0 = Debug|Any CPU
		{500E203D-9B57-543E-6E3F-C083CB44551F}.Debug|x64.ActiveCfg = Debug|Any CPU
		{500E203D-9B57-543E-6E3F-C083CB44551F}.Debug|x64.Build.0 = Debug|Any CPU
		{500E203D-9B57-543E-6E3F-C083CB44551F}.Debug|x86.ActiveCfg = Debug|Any CPU
		{500E203D-9B57-543E-6E3F-C083CB44551F}.Debug|x86.Build.0 = Debug|Any CPU
		{500E203D-9B57-543E-6E3F-C083CB44551F}.Release|Any CPU.ActiveCfg = Release|Any CPU
		{500E203D-9B57-543E-6E3F-C083CB44551F}.Release|Any CPU.Build.0 = Release|Any CPU
		{500E203D-9B57-543E-6E3F-C083CB44551F}.Release|x64.ActiveCfg = Release|Any CPU
		{500E203D-9B57-543E-6E3F-C083CB44551F}.Release|x64.Build.0 = Release|Any CPU
		{500E203D-9B57-543E-6E3F-C083CB44551F}.Release|x86.ActiveCfg = Release|Any CPU
		{500E203D-9B57-543E-6E3F-C083CB44551F}.Release|x86.Build.0 = Release|Any CPU
		{8F26E26D-DD38-8DC6-2F16-360C25410A52}.Debug|Any CPU.ActiveCfg = Debug|Any CPU
		{8F26E26D-DD38-8DC6-2F16-360C25410A52}.Debug|Any CPU.Build.0 = Debug|Any CPU
		{8F26E26D-DD38-8DC6-2F16-360C25410A52}.Debug|x64.ActiveCfg = Debug|Any CPU
		{8F26E26D-DD38-8DC6-2F16-360C25410A52}.Debug|x64.Build.0 = Debug|Any CPU
		{8F26E26D-DD38-8DC6-2F16-360C25410A52}.Debug|x86.ActiveCfg = Debug|Any CPU
		{8F26E26D-DD38-8DC6-2F16-360C25410A52}.Debug|x86.Build.0 = Debug|Any CPU
		{8F26E26D-DD38-8DC6-2F16-360C25410A52}.Release|Any CPU.ActiveCfg = Release|Any CPU
		{8F26E26D-DD38-8DC6-2F16-360C25410A52}.Release|Any CPU.Build.0 = Release|Any CPU
		{8F26E26D-DD38-8DC6-2F16-360C25410A52}.Release|x64.ActiveCfg = Release|Any CPU
		{8F26E26D-DD38-8DC6-2F16-360C25410A52}.Release|x64.Build.0 = Release|Any CPU
		{8F26E26D-DD38-8DC6-2F16-360C25410A52}.Release|x86.ActiveCfg = Release|Any CPU
		{8F26E26D-DD38-8DC6-2F16-360C25410A52}.Release|x86.Build.0 = Release|Any CPU
		{C178048A-A456-07B6-8AFC-A8D753BDA8BD}.Debug|Any CPU.ActiveCfg = Debug|Any CPU
		{C178048A-A456-07B6-8AFC-A8D753BDA8BD}.Debug|Any CPU.Build.0 = Debug|Any CPU
		{C178048A-A456-07B6-8AFC-A8D753BDA8BD}.Debug|x64.ActiveCfg = Debug|Any CPU
		{C178048A-A456-07B6-8AFC-A8D753BDA8BD}.Debug|x64.Build.0 = Debug|Any CPU
		{C178048A-A456-07B6-8AFC-A8D753BDA8BD}.Debug|x86.ActiveCfg = Debug|Any CPU
		{C178048A-A456-07B6-8AFC-A8D753BDA8BD}.Debug|x86.Build.0 = Debug|Any CPU
		{C178048A-A456-07B6-8AFC-A8D753BDA8BD}.Release|Any CPU.ActiveCfg = Release|Any CPU
		{C178048A-A456-07B6-8AFC-A8D753BDA8BD}.Release|Any CPU.Build.0 = Release|Any CPU
		{C178048A-A456-07B6-8AFC-A8D753BDA8BD}.Release|x64.ActiveCfg = Release|Any CPU
		{C178048A-A456-07B6-8AFC-A8D753BDA8BD}.Release|x64.Build.0 = Release|Any CPU
		{C178048A-A456-07B6-8AFC-A8D753BDA8BD}.Release|x86.ActiveCfg = Release|Any CPU
		{C178048A-A456-07B6-8AFC-A8D753BDA8BD}.Release|x86.Build.0 = Release|Any CPU
		{671E4763-11CD-36DB-C262-D1BB05BDDCEF}.Debug|Any CPU.ActiveCfg = Debug|Any CPU
		{671E4763-11CD-36DB-C262-D1BB05BDDCEF}.Debug|Any CPU.Build.0 = Debug|Any CPU
		{671E4763-11CD-36DB-C262-D1BB05BDDCEF}.Debug|x64.ActiveCfg = Debug|Any CPU
		{671E4763-11CD-36DB-C262-D1BB05BDDCEF}.Debug|x64.Build.0 = Debug|Any CPU
		{671E4763-11CD-36DB-C262-D1BB05BDDCEF}.Debug|x86.ActiveCfg = Debug|Any CPU
		{671E4763-11CD-36DB-C262-D1BB05BDDCEF}.Debug|x86.Build.0 = Debug|Any CPU
		{671E4763-11CD-36DB-C262-D1BB05BDDCEF}.Release|Any CPU.ActiveCfg = Release|Any CPU
		{671E4763-11CD-36DB-C262-D1BB05BDDCEF}.Release|Any CPU.Build.0 = Release|Any CPU
		{671E4763-11CD-36DB-C262-D1BB05BDDCEF}.Release|x64.ActiveCfg = Release|Any CPU
		{671E4763-11CD-36DB-C262-D1BB05BDDCEF}.Release|x64.Build.0 = Release|Any CPU
		{671E4763-11CD-36DB-C262-D1BB05BDDCEF}.Release|x86.ActiveCfg = Release|Any CPU
		{671E4763-11CD-36DB-C262-D1BB05BDDCEF}.Release|x86.Build.0 = Release|Any CPU
		{63018B4C-8395-2B6C-FF10-D3635E25808E}.Debug|Any CPU.ActiveCfg = Debug|Any CPU
		{63018B4C-8395-2B6C-FF10-D3635E25808E}.Debug|Any CPU.Build.0 = Debug|Any CPU
		{63018B4C-8395-2B6C-FF10-D3635E25808E}.Debug|x64.ActiveCfg = Debug|Any CPU
		{63018B4C-8395-2B6C-FF10-D3635E25808E}.Debug|x64.Build.0 = Debug|Any CPU
		{63018B4C-8395-2B6C-FF10-D3635E25808E}.Debug|x86.ActiveCfg = Debug|Any CPU
		{63018B4C-8395-2B6C-FF10-D3635E25808E}.Debug|x86.Build.0 = Debug|Any CPU
		{63018B4C-8395-2B6C-FF10-D3635E25808E}.Release|Any CPU.ActiveCfg = Release|Any CPU
		{63018B4C-8395-2B6C-FF10-D3635E25808E}.Release|Any CPU.Build.0 = Release|Any CPU
		{63018B4C-8395-2B6C-FF10-D3635E25808E}.Release|x64.ActiveCfg = Release|Any CPU
		{63018B4C-8395-2B6C-FF10-D3635E25808E}.Release|x64.Build.0 = Release|Any CPU
		{63018B4C-8395-2B6C-FF10-D3635E25808E}.Release|x86.ActiveCfg = Release|Any CPU
		{63018B4C-8395-2B6C-FF10-D3635E25808E}.Release|x86.Build.0 = Release|Any CPU
		{2F2AAD39-3445-3401-685D-9794116B158C}.Debug|Any CPU.ActiveCfg = Debug|Any CPU
		{2F2AAD39-3445-3401-685D-9794116B158C}.Debug|Any CPU.Build.0 = Debug|Any CPU
		{2F2AAD39-3445-3401-685D-9794116B158C}.Debug|x64.ActiveCfg = Debug|Any CPU
		{2F2AAD39-3445-3401-685D-9794116B158C}.Debug|x64.Build.0 = Debug|Any CPU
		{2F2AAD39-3445-3401-685D-9794116B158C}.Debug|x86.ActiveCfg = Debug|Any CPU
		{2F2AAD39-3445-3401-685D-9794116B158C}.Debug|x86.Build.0 = Debug|Any CPU
		{2F2AAD39-3445-3401-685D-9794116B158C}.Release|Any CPU.ActiveCfg = Release|Any CPU
		{2F2AAD39-3445-3401-685D-9794116B158C}.Release|Any CPU.Build.0 = Release|Any CPU
		{2F2AAD39-3445-3401-685D-9794116B158C}.Release|x64.ActiveCfg = Release|Any CPU
		{2F2AAD39-3445-3401-685D-9794116B158C}.Release|x64.Build.0 = Release|Any CPU
		{2F2AAD39-3445-3401-685D-9794116B158C}.Release|x86.ActiveCfg = Release|Any CPU
		{2F2AAD39-3445-3401-685D-9794116B158C}.Release|x86.Build.0 = Release|Any CPU
		{B5DC1E92-3F0E-B708-A034-63067554DE48}.Debug|Any CPU.ActiveCfg = Debug|Any CPU
		{B5DC1E92-3F0E-B708-A034-63067554DE48}.Debug|Any CPU.Build.0 = Debug|Any CPU
		{B5DC1E92-3F0E-B708-A034-63067554DE48}.Debug|x64.ActiveCfg = Debug|Any CPU
		{B5DC1E92-3F0E-B708-A034-63067554DE48}.Debug|x64.Build.0 = Debug|Any CPU
		{B5DC1E92-3F0E-B708-A034-63067554DE48}.Debug|x86.ActiveCfg = Debug|Any CPU
		{B5DC1E92-3F0E-B708-A034-63067554DE48}.Debug|x86.Build.0 = Debug|Any CPU
		{B5DC1E92-3F0E-B708-A034-63067554DE48}.Release|Any CPU.ActiveCfg = Release|Any CPU
		{B5DC1E92-3F0E-B708-A034-63067554DE48}.Release|Any CPU.Build.0 = Release|Any CPU
		{B5DC1E92-3F0E-B708-A034-63067554DE48}.Release|x64.ActiveCfg = Release|Any CPU
		{B5DC1E92-3F0E-B708-A034-63067554DE48}.Release|x64.Build.0 = Release|Any CPU
		{B5DC1E92-3F0E-B708-A034-63067554DE48}.Release|x86.ActiveCfg = Release|Any CPU
		{B5DC1E92-3F0E-B708-A034-63067554DE48}.Release|x86.Build.0 = Release|Any CPU
		{60B11AD9-0590-6C94-8972-96568755EA7F}.Debug|Any CPU.ActiveCfg = Debug|Any CPU
		{60B11AD9-0590-6C94-8972-96568755EA7F}.Debug|Any CPU.Build.0 = Debug|Any CPU
		{60B11AD9-0590-6C94-8972-96568755EA7F}.Debug|x64.ActiveCfg = Debug|Any CPU
		{60B11AD9-0590-6C94-8972-96568755EA7F}.Debug|x64.Build.0 = Debug|Any CPU
		{60B11AD9-0590-6C94-8972-96568755EA7F}.Debug|x86.ActiveCfg = Debug|Any CPU
		{60B11AD9-0590-6C94-8972-96568755EA7F}.Debug|x86.Build.0 = Debug|Any CPU
		{60B11AD9-0590-6C94-8972-96568755EA7F}.Release|Any CPU.ActiveCfg = Release|Any CPU
		{60B11AD9-0590-6C94-8972-96568755EA7F}.Release|Any CPU.Build.0 = Release|Any CPU
		{60B11AD9-0590-6C94-8972-96568755EA7F}.Release|x64.ActiveCfg = Release|Any CPU
		{60B11AD9-0590-6C94-8972-96568755EA7F}.Release|x64.Build.0 = Release|Any CPU
		{60B11AD9-0590-6C94-8972-96568755EA7F}.Release|x86.ActiveCfg = Release|Any CPU
		{60B11AD9-0590-6C94-8972-96568755EA7F}.Release|x86.Build.0 = Release|Any CPU
		{9A3972D7-E921-4043-B7DC-7D7082090121}.Debug|Any CPU.ActiveCfg = Debug|Any CPU
		{9A3972D7-E921-4043-B7DC-7D7082090121}.Debug|Any CPU.Build.0 = Debug|Any CPU
		{9A3972D7-E921-4043-B7DC-7D7082090121}.Debug|x64.ActiveCfg = Debug|Any CPU
		{9A3972D7-E921-4043-B7DC-7D7082090121}.Debug|x64.Build.0 = Debug|Any CPU
		{9A3972D7-E921-4043-B7DC-7D7082090121}.Debug|x86.ActiveCfg = Debug|Any CPU
		{9A3972D7-E921-4043-B7DC-7D7082090121}.Debug|x86.Build.0 = Debug|Any CPU
		{9A3972D7-E921-4043-B7DC-7D7082090121}.Release|Any CPU.ActiveCfg = Release|Any CPU
		{9A3972D7-E921-4043-B7DC-7D7082090121}.Release|Any CPU.Build.0 = Release|Any CPU
		{9A3972D7-E921-4043-B7DC-7D7082090121}.Release|x64.ActiveCfg = Release|Any CPU
		{9A3972D7-E921-4043-B7DC-7D7082090121}.Release|x64.Build.0 = Release|Any CPU
		{9A3972D7-E921-4043-B7DC-7D7082090121}.Release|x86.ActiveCfg = Release|Any CPU
		{9A3972D7-E921-4043-B7DC-7D7082090121}.Release|x86.Build.0 = Release|Any CPU
		{A189BC6C-1F59-45BA-8F19-EEDF7214B358}.Debug|Any CPU.ActiveCfg = Debug|Any CPU
		{A189BC6C-1F59-45BA-8F19-EEDF7214B358}.Debug|Any CPU.Build.0 = Debug|Any CPU
		{A189BC6C-1F59-45BA-8F19-EEDF7214B358}.Debug|x64.ActiveCfg = Debug|Any CPU
		{A189BC6C-1F59-45BA-8F19-EEDF7214B358}.Debug|x64.Build.0 = Debug|Any CPU
		{A189BC6C-1F59-45BA-8F19-EEDF7214B358}.Debug|x86.ActiveCfg = Debug|Any CPU
		{A189BC6C-1F59-45BA-8F19-EEDF7214B358}.Debug|x86.Build.0 = Debug|Any CPU
		{A189BC6C-1F59-45BA-8F19-EEDF7214B358}.Release|Any CPU.ActiveCfg = Release|Any CPU
		{A189BC6C-1F59-45BA-8F19-EEDF7214B358}.Release|Any CPU.Build.0 = Release|Any CPU
		{A189BC6C-1F59-45BA-8F19-EEDF7214B358}.Release|x64.ActiveCfg = Release|Any CPU
		{A189BC6C-1F59-45BA-8F19-EEDF7214B358}.Release|x64.Build.0 = Release|Any CPU
		{A189BC6C-1F59-45BA-8F19-EEDF7214B358}.Release|x86.ActiveCfg = Release|Any CPU
		{A189BC6C-1F59-45BA-8F19-EEDF7214B358}.Release|x86.Build.0 = Release|Any CPU
		{9AE32858-95DC-4170-A2F0-6C751B5ADC9F}.Debug|Any CPU.ActiveCfg = Debug|Any CPU
		{9AE32858-95DC-4170-A2F0-6C751B5ADC9F}.Debug|Any CPU.Build.0 = Debug|Any CPU
		{9AE32858-95DC-4170-A2F0-6C751B5ADC9F}.Debug|x64.ActiveCfg = Debug|Any CPU
		{9AE32858-95DC-4170-A2F0-6C751B5ADC9F}.Debug|x64.Build.0 = Debug|Any CPU
		{9AE32858-95DC-4170-A2F0-6C751B5ADC9F}.Debug|x86.ActiveCfg = Debug|Any CPU
		{9AE32858-95DC-4170-A2F0-6C751B5ADC9F}.Debug|x86.Build.0 = Debug|Any CPU
		{9AE32858-95DC-4170-A2F0-6C751B5ADC9F}.Release|Any CPU.ActiveCfg = Release|Any CPU
		{9AE32858-95DC-4170-A2F0-6C751B5ADC9F}.Release|Any CPU.Build.0 = Release|Any CPU
		{9AE32858-95DC-4170-A2F0-6C751B5ADC9F}.Release|x64.ActiveCfg = Release|Any CPU
		{9AE32858-95DC-4170-A2F0-6C751B5ADC9F}.Release|x64.Build.0 = Release|Any CPU
		{9AE32858-95DC-4170-A2F0-6C751B5ADC9F}.Release|x86.ActiveCfg = Release|Any CPU
		{9AE32858-95DC-4170-A2F0-6C751B5ADC9F}.Release|x86.Build.0 = Release|Any CPU
		{4833A5CB-2DE6-49BA-8095-6C8159E7F6F3}.Debug|Any CPU.ActiveCfg = Debug|Any CPU
		{4833A5CB-2DE6-49BA-8095-6C8159E7F6F3}.Debug|Any CPU.Build.0 = Debug|Any CPU
		{4833A5CB-2DE6-49BA-8095-6C8159E7F6F3}.Debug|x64.ActiveCfg = Debug|Any CPU
		{4833A5CB-2DE6-49BA-8095-6C8159E7F6F3}.Debug|x64.Build.0 = Debug|Any CPU
		{4833A5CB-2DE6-49BA-8095-6C8159E7F6F3}.Debug|x86.ActiveCfg = Debug|Any CPU
		{4833A5CB-2DE6-49BA-8095-6C8159E7F6F3}.Debug|x86.Build.0 = Debug|Any CPU
		{4833A5CB-2DE6-49BA-8095-6C8159E7F6F3}.Release|Any CPU.ActiveCfg = Release|Any CPU
		{4833A5CB-2DE6-49BA-8095-6C8159E7F6F3}.Release|Any CPU.Build.0 = Release|Any CPU
		{4833A5CB-2DE6-49BA-8095-6C8159E7F6F3}.Release|x64.ActiveCfg = Release|Any CPU
		{4833A5CB-2DE6-49BA-8095-6C8159E7F6F3}.Release|x64.Build.0 = Release|Any CPU
		{4833A5CB-2DE6-49BA-8095-6C8159E7F6F3}.Release|x86.ActiveCfg = Release|Any CPU
		{4833A5CB-2DE6-49BA-8095-6C8159E7F6F3}.Release|x86.Build.0 = Release|Any CPU
		{6F13A513-38CF-4A4A-8DFE-4F870B94F927}.Debug|Any CPU.ActiveCfg = Debug|Any CPU
		{6F13A513-38CF-4A4A-8DFE-4F870B94F927}.Debug|Any CPU.Build.0 = Debug|Any CPU
		{6F13A513-38CF-4A4A-8DFE-4F870B94F927}.Debug|x64.ActiveCfg = Debug|Any CPU
		{6F13A513-38CF-4A4A-8DFE-4F870B94F927}.Debug|x64.Build.0 = Debug|Any CPU
		{6F13A513-38CF-4A4A-8DFE-4F870B94F927}.Debug|x86.ActiveCfg = Debug|Any CPU
		{6F13A513-38CF-4A4A-8DFE-4F870B94F927}.Debug|x86.Build.0 = Debug|Any CPU
		{6F13A513-38CF-4A4A-8DFE-4F870B94F927}.Release|Any CPU.ActiveCfg = Release|Any CPU
		{6F13A513-38CF-4A4A-8DFE-4F870B94F927}.Release|Any CPU.Build.0 = Release|Any CPU
		{6F13A513-38CF-4A4A-8DFE-4F870B94F927}.Release|x64.ActiveCfg = Release|Any CPU
		{6F13A513-38CF-4A4A-8DFE-4F870B94F927}.Release|x64.Build.0 = Release|Any CPU
		{6F13A513-38CF-4A4A-8DFE-4F870B94F927}.Release|x86.ActiveCfg = Release|Any CPU
		{6F13A513-38CF-4A4A-8DFE-4F870B94F927}.Release|x86.Build.0 = Release|Any CPU
		{8F151A83-C4E7-DA8E-F0C5-A2CB6028A5CA}.Debug|Any CPU.ActiveCfg = Debug|Any CPU
		{8F151A83-C4E7-DA8E-F0C5-A2CB6028A5CA}.Debug|Any CPU.Build.0 = Debug|Any CPU
		{8F151A83-C4E7-DA8E-F0C5-A2CB6028A5CA}.Debug|x64.ActiveCfg = Debug|Any CPU
		{8F151A83-C4E7-DA8E-F0C5-A2CB6028A5CA}.Debug|x64.Build.0 = Debug|Any CPU
		{8F151A83-C4E7-DA8E-F0C5-A2CB6028A5CA}.Debug|x86.ActiveCfg = Debug|Any CPU
		{8F151A83-C4E7-DA8E-F0C5-A2CB6028A5CA}.Debug|x86.Build.0 = Debug|Any CPU
		{8F151A83-C4E7-DA8E-F0C5-A2CB6028A5CA}.Release|Any CPU.ActiveCfg = Release|Any CPU
		{8F151A83-C4E7-DA8E-F0C5-A2CB6028A5CA}.Release|Any CPU.Build.0 = Release|Any CPU
		{8F151A83-C4E7-DA8E-F0C5-A2CB6028A5CA}.Release|x64.ActiveCfg = Release|Any CPU
		{8F151A83-C4E7-DA8E-F0C5-A2CB6028A5CA}.Release|x64.Build.0 = Release|Any CPU
		{8F151A83-C4E7-DA8E-F0C5-A2CB6028A5CA}.Release|x86.ActiveCfg = Release|Any CPU
		{8F151A83-C4E7-DA8E-F0C5-A2CB6028A5CA}.Release|x86.Build.0 = Release|Any CPU
		{135C0E91-206F-19DC-D6CC-9523FA6F6E2D}.Debug|Any CPU.ActiveCfg = Debug|Any CPU
		{135C0E91-206F-19DC-D6CC-9523FA6F6E2D}.Debug|Any CPU.Build.0 = Debug|Any CPU
		{135C0E91-206F-19DC-D6CC-9523FA6F6E2D}.Debug|x64.ActiveCfg = Debug|Any CPU
		{135C0E91-206F-19DC-D6CC-9523FA6F6E2D}.Debug|x64.Build.0 = Debug|Any CPU
		{135C0E91-206F-19DC-D6CC-9523FA6F6E2D}.Debug|x86.ActiveCfg = Debug|Any CPU
		{135C0E91-206F-19DC-D6CC-9523FA6F6E2D}.Debug|x86.Build.0 = Debug|Any CPU
		{135C0E91-206F-19DC-D6CC-9523FA6F6E2D}.Release|Any CPU.ActiveCfg = Release|Any CPU
		{135C0E91-206F-19DC-D6CC-9523FA6F6E2D}.Release|Any CPU.Build.0 = Release|Any CPU
		{135C0E91-206F-19DC-D6CC-9523FA6F6E2D}.Release|x64.ActiveCfg = Release|Any CPU
		{135C0E91-206F-19DC-D6CC-9523FA6F6E2D}.Release|x64.Build.0 = Release|Any CPU
		{135C0E91-206F-19DC-D6CC-9523FA6F6E2D}.Release|x86.ActiveCfg = Release|Any CPU
		{135C0E91-206F-19DC-D6CC-9523FA6F6E2D}.Release|x86.Build.0 = Release|Any CPU
		{7DB14CD8-96BC-73F6-A867-3B59FB25F4B1}.Debug|Any CPU.ActiveCfg = Debug|Any CPU
		{7DB14CD8-96BC-73F6-A867-3B59FB25F4B1}.Debug|Any CPU.Build.0 = Debug|Any CPU
		{7DB14CD8-96BC-73F6-A867-3B59FB25F4B1}.Debug|x64.ActiveCfg = Debug|Any CPU
		{7DB14CD8-96BC-73F6-A867-3B59FB25F4B1}.Debug|x64.Build.0 = Debug|Any CPU
		{7DB14CD8-96BC-73F6-A867-3B59FB25F4B1}.Debug|x86.ActiveCfg = Debug|Any CPU
		{7DB14CD8-96BC-73F6-A867-3B59FB25F4B1}.Debug|x86.Build.0 = Debug|Any CPU
		{7DB14CD8-96BC-73F6-A867-3B59FB25F4B1}.Release|Any CPU.ActiveCfg = Release|Any CPU
		{7DB14CD8-96BC-73F6-A867-3B59FB25F4B1}.Release|Any CPU.Build.0 = Release|Any CPU
		{7DB14CD8-96BC-73F6-A867-3B59FB25F4B1}.Release|x64.ActiveCfg = Release|Any CPU
		{7DB14CD8-96BC-73F6-A867-3B59FB25F4B1}.Release|x64.Build.0 = Release|Any CPU
		{7DB14CD8-96BC-73F6-A867-3B59FB25F4B1}.Release|x86.ActiveCfg = Release|Any CPU
		{7DB14CD8-96BC-73F6-A867-3B59FB25F4B1}.Release|x86.Build.0 = Release|Any CPU
		{E17F42BE-965C-4AE9-BA32-36B56F358CA5}.Debug|Any CPU.ActiveCfg = Debug|Any CPU
		{E17F42BE-965C-4AE9-BA32-36B56F358CA5}.Debug|Any CPU.Build.0 = Debug|Any CPU
		{E17F42BE-965C-4AE9-BA32-36B56F358CA5}.Debug|x64.ActiveCfg = Debug|Any CPU
		{E17F42BE-965C-4AE9-BA32-36B56F358CA5}.Debug|x64.Build.0 = Debug|Any CPU
		{E17F42BE-965C-4AE9-BA32-36B56F358CA5}.Debug|x86.ActiveCfg = Debug|Any CPU
		{E17F42BE-965C-4AE9-BA32-36B56F358CA5}.Debug|x86.Build.0 = Debug|Any CPU
		{E17F42BE-965C-4AE9-BA32-36B56F358CA5}.Release|Any CPU.ActiveCfg = Release|Any CPU
		{E17F42BE-965C-4AE9-BA32-36B56F358CA5}.Release|Any CPU.Build.0 = Release|Any CPU
		{E17F42BE-965C-4AE9-BA32-36B56F358CA5}.Release|x64.ActiveCfg = Release|Any CPU
		{E17F42BE-965C-4AE9-BA32-36B56F358CA5}.Release|x64.Build.0 = Release|Any CPU
		{E17F42BE-965C-4AE9-BA32-36B56F358CA5}.Release|x86.ActiveCfg = Release|Any CPU
		{E17F42BE-965C-4AE9-BA32-36B56F358CA5}.Release|x86.Build.0 = Release|Any CPU
	EndGlobalSection
	GlobalSection(SolutionProperties) = preSolution
		HideSolutionNode = FALSE
	EndGlobalSection
	GlobalSection(NestedProjects) = preSolution
		{E5A4D3DA-BDFE-03C1-A0F1-8F17B88E6A45} = {A191B61B-18D9-462C-9B01-3611CDEA140A}
		{2ACA47B4-C2BC-569A-95F7-F33EDAA1BFB0} = {A191B61B-18D9-462C-9B01-3611CDEA140A}
		{6CB14357-B172-9012-884A-58AA8638D6CE} = {A191B61B-18D9-462C-9B01-3611CDEA140A}
		{62243AC6-ECAC-1510-D0D9-2A8B1AEB2EE6} = {A191B61B-18D9-462C-9B01-3611CDEA140A}
		{500E203D-9B57-543E-6E3F-C083CB44551F} = {39F00D8D-00C4-4693-B597-69B9A434DEAC}
		{8F26E26D-DD38-8DC6-2F16-360C25410A52} = {39F00D8D-00C4-4693-B597-69B9A434DEAC}
		{C178048A-A456-07B6-8AFC-A8D753BDA8BD} = {39F00D8D-00C4-4693-B597-69B9A434DEAC}
		{671E4763-11CD-36DB-C262-D1BB05BDDCEF} = {39F00D8D-00C4-4693-B597-69B9A434DEAC}
		{63018B4C-8395-2B6C-FF10-D3635E25808E} = {0FA5F1AB-FFDB-4781-9E1E-783BF04F8968}
		{2F2AAD39-3445-3401-685D-9794116B158C} = {0FA5F1AB-FFDB-4781-9E1E-783BF04F8968}
		{B5DC1E92-3F0E-B708-A034-63067554DE48} = {0FA5F1AB-FFDB-4781-9E1E-783BF04F8968}
		{60B11AD9-0590-6C94-8972-96568755EA7F} = {0FA5F1AB-FFDB-4781-9E1E-783BF04F8968}
		{9A3972D7-E921-4043-B7DC-7D7082090121} = {D3314BFE-3DE5-8322-40A8-848B0392E287}
		{A189BC6C-1F59-45BA-8F19-EEDF7214B358} = {D3314BFE-3DE5-8322-40A8-848B0392E287}
		{9AE32858-95DC-4170-A2F0-6C751B5ADC9F} = {D3314BFE-3DE5-8322-40A8-848B0392E287}
		{4833A5CB-2DE6-49BA-8095-6C8159E7F6F3} = {D3314BFE-3DE5-8322-40A8-848B0392E287}
		{6F13A513-38CF-4A4A-8DFE-4F870B94F927} = {39F00D8D-00C4-4693-B597-69B9A434DEAC}
		{8F151A83-C4E7-DA8E-F0C5-A2CB6028A5CA} = {0FA5F1AB-FFDB-4781-9E1E-783BF04F8968}
		{135C0E91-206F-19DC-D6CC-9523FA6F6E2D} = {D3314BFE-3DE5-8322-40A8-848B0392E287}
		{7DB14CD8-96BC-73F6-A867-3B59FB25F4B1} = {A191B61B-18D9-462C-9B01-3611CDEA140A}
	EndGlobalSection
	GlobalSection(ExtensibilityGlobals) = postSolution
		SolutionGuid = {C97BEF06-EBCE-4C21-B1CE-D45547BEF3EC}
	EndGlobalSection
EndGlobal
