
Microsoft Visual Studio Solution File, Format Version 12.00
# Visual Studio Version 17
VisualStudioVersion = 17.9.34728.123
MinimumVisualStudioVersion = 10.0.40219.1
Project("{9A19103F-16F7-4668-BE54-9A1E7A4F7556}") = "NIJO_APPLICATION_TEMPLATE_Cli", "cli\NIJO_APPLICATION_TEMPLATE_Cli.csproj", "{51FE3365-2334-427F-B129-6D6E17C9A325}"
EndProject
Project("{9A19103F-16F7-4668-BE54-9A1E7A4F7556}") = "NIJO_APPLICATION_TEMPLATE_WebApi", "webapi\NIJO_APPLICATION_TEMPLATE_WebApi.csproj", "{7C02B86F-9DEE-4A47-8102-DD575561BAE9}"
EndProject
Project("{9A19103F-16F7-4668-BE54-9A1E7A4F7556}") = "NIJO_APPLICATION_TEMPLATE", "core\NIJO_APPLICATION_TEMPLATE.csproj", "{8CED7EC9-542E-4756-ADDC-61084147FF26}"
EndProject
Global
	GlobalSection(SolutionConfigurationPlatforms) = preSolution
		Debug|Any CPU = Debug|Any CPU
		Release|Any CPU = Release|Any CPU
	EndGlobalSection
	GlobalSection(ProjectConfigurationPlatforms) = postSolution
		{51FE3365-2334-427F-B129-6D6E17C9A325}.Debug|Any CPU.ActiveCfg = Debug|Any CPU
		{51FE3365-2334-427F-B129-6D6E17C9A325}.Debug|Any CPU.Build.0 = Debug|Any CPU
		{51FE3365-2334-427F-B129-6D6E17C9A325}.Release|Any CPU.ActiveCfg = Release|Any CPU
		{51FE3365-2334-427F-B129-6D6E17C9A325}.Release|Any CPU.Build.0 = Release|Any CPU
		{7C02B86F-9DEE-4A47-8102-DD575561BAE9}.Debug|Any CPU.ActiveCfg = Debug|Any CPU
		{7C02B86F-9DEE-4A47-8102-DD575561BAE9}.Debug|Any CPU.Build.0 = Debug|Any CPU
		{7C02B86F-9DEE-4A47-8102-DD575561BAE9}.Release|Any CPU.ActiveCfg = Release|Any CPU
		{7C02B86F-9DEE-4A47-8102-DD575561BAE9}.Release|Any CPU.Build.0 = Release|Any CPU
		{8CED7EC9-542E-4756-ADDC-61084147FF26}.Debug|Any CPU.ActiveCfg = Debug|Any CPU
		{8CED7EC9-542E-4756-ADDC-61084147FF26}.Debug|Any CPU.Build.0 = Debug|Any CPU
		{8CED7EC9-542E-4756-ADDC-61084147FF26}.Release|Any CPU.ActiveCfg = Release|Any CPU
		{8CED7EC9-542E-4756-ADDC-61084147FF26}.Release|Any CPU.Build.0 = Release|Any CPU
	EndGlobalSection
	GlobalSection(SolutionProperties) = preSolution
		HideSolutionNode = FALSE
	EndGlobalSection
	GlobalSection(ExtensibilityGlobals) = postSolution
		SolutionGuid = {55D48FF6-B06C-4732-964C-93EBF96F305F}
	EndGlobalSection
EndGlobal
